
Microsoft Visual Studio Solution File, Format Version 12.00
# Visual Studio Version 17
VisualStudioVersion = 17.14.36511.14 d17.14
MinimumVisualStudioVersion = 10.0.40219.1
Project("{FAE04EC0-301F-11D3-BF4B-00C04F79EFBC}") = "UserManagementAPI", "UserManagementAPI\UserManagementAPI.csproj", "{F42F402C-1DFF-431B-A172-9BCBB4118BAE}"
EndProject
Global
	GlobalSection(SolutionConfigurationPlatforms) = preSolution
		Debug|Any CPU = Debug|Any CPU
		Release|Any CPU = Release|Any CPU
	EndGlobalSection
	GlobalSection(ProjectConfigurationPlatforms) = postSolution
		{F42F402C-1DFF-431B-A172-9BCBB4118BAE}.Debug|Any CPU.ActiveCfg = Debug|Any CPU
		{F42F402C-1DFF-431B-A172-9BCBB4118BAE}.Debug|Any CPU.Build.0 = Debug|Any CPU
		{F42F402C-1DFF-431B-A172-9BCBB4118BAE}.Release|Any CPU.ActiveCfg = Release|Any CPU
		{F42F402C-1DFF-431B-A172-9BCBB4118BAE}.Release|Any CPU.Build.0 = Release|Any CPU
	EndGlobalSection
	GlobalSection(SolutionProperties) = preSolution
		HideSolutionNode = FALSE
	EndGlobalSection
	GlobalSection(ExtensibilityGlobals) = postSolution
		SolutionGuid = {923C4568-2666-42F7-9440-6A65C46C8E1C}
	EndGlobalSection
EndGlobal
